// !$*UTF8*$!
{
	archiveVersion = 1;
	classes = {
	};
	objectVersion = 50;
	objects = {

/* Begin PBXBuildFile section */
		00DA35B9255103110060B8BB /* AppDelegate.swift in Sources */ = {isa = PBXBuildFile; fileRef = 00DA35B8255103110060B8BB /* AppDelegate.swift */; };
		00DA35BB255103110060B8BB /* SceneDelegate.swift in Sources */ = {isa = PBXBuildFile; fileRef = 00DA35BA255103110060B8BB /* SceneDelegate.swift */; };
		00DA35BD255103110060B8BB /* ViewController.swift in Sources */ = {isa = PBXBuildFile; fileRef = 00DA35BC255103110060B8BB /* ViewController.swift */; };
		00DA35C0255103110060B8BB /* Main.storyboard in Resources */ = {isa = PBXBuildFile; fileRef = 00DA35BE255103110060B8BB /* Main.storyboard */; };
		00DA35C2255103140060B8BB /* Assets.xcassets in Resources */ = {isa = PBXBuildFile; fileRef = 00DA35C1255103140060B8BB /* Assets.xcassets */; };
		00DA35C5255103140060B8BB /* LaunchScreen.storyboard in Resources */ = {isa = PBXBuildFile; fileRef = 00DA35C3255103140060B8BB /* LaunchScreen.storyboard */; };
		00DA35D0255103140060B8BB /* CombineWebBrowserTests.swift in Sources */ = {isa = PBXBuildFile; fileRef = 00DA35CF255103140060B8BB /* CombineWebBrowserTests.swift */; };
		00DA35DB255103140060B8BB /* CombineWebBrowserUITests.swift in Sources */ = {isa = PBXBuildFile; fileRef = 00DA35DA255103140060B8BB /* CombineWebBrowserUITests.swift */; };
/* End PBXBuildFile section */

/* Begin PBXContainerItemProxy section */
		00DA35CC255103140060B8BB /* PBXContainerItemProxy */ = {
			isa = PBXContainerItemProxy;
			containerPortal = 00DA35AD255103110060B8BB /* Project object */;
			proxyType = 1;
			remoteGlobalIDString = 00DA35B4255103110060B8BB;
			remoteInfo = CombineWebBrowser;
		};
		00DA35D7255103140060B8BB /* PBXContainerItemProxy */ = {
			isa = PBXContainerItemProxy;
			containerPortal = 00DA35AD255103110060B8BB /* Project object */;
			proxyType = 1;
			remoteGlobalIDString = 00DA35B4255103110060B8BB;
			remoteInfo = CombineWebBrowser;
		};
/* End PBXContainerItemProxy section */

/* Begin PBXFileReference section */
		00DA35B5255103110060B8BB /* CombineWebBrowser.app */ = {isa = PBXFileReference; explicitFileType = wrapper.application; includeInIndex = 0; path = CombineWebBrowser.app; sourceTree = BUILT_PRODUCTS_DIR; };
		00DA35B8255103110060B8BB /* AppDelegate.swift */ = {isa = PBXFileReference; lastKnownFileType = sourcecode.swift; path = AppDelegate.swift; sourceTree = "<group>"; };
		00DA35BA255103110060B8BB /* SceneDelegate.swift */ = {isa = PBXFileReference; lastKnownFileType = sourcecode.swift; path = SceneDelegate.swift; sourceTree = "<group>"; };
		00DA35BC255103110060B8BB /* ViewController.swift */ = {isa = PBXFileReference; lastKnownFileType = sourcecode.swift; path = ViewController.swift; sourceTree = "<group>"; };
		00DA35BF255103110060B8BB /* Base */ = {isa = PBXFileReference; lastKnownFileType = file.storyboard; name = Base; path = Base.lproj/Main.storyboard; sourceTree = "<group>"; };
		00DA35C1255103140060B8BB /* Assets.xcassets */ = {isa = PBXFileReference; lastKnownFileType = folder.assetcatalog; path = Assets.xcassets; sourceTree = "<group>"; };
		00DA35C4255103140060B8BB /* Base */ = {isa = PBXFileReference; lastKnownFileType = file.storyboard; name = Base; path = Base.lproj/LaunchScreen.storyboard; sourceTree = "<group>"; };
		00DA35C6255103140060B8BB /* Info.plist */ = {isa = PBXFileReference; lastKnownFileType = text.plist.xml; path = Info.plist; sourceTree = "<group>"; };
		00DA35CB255103140060B8BB /* CombineWebBrowserTests.xctest */ = {isa = PBXFileReference; explicitFileType = wrapper.cfbundle; includeInIndex = 0; path = CombineWebBrowserTests.xctest; sourceTree = BUILT_PRODUCTS_DIR; };
		00DA35CF255103140060B8BB /* CombineWebBrowserTests.swift */ = {isa = PBXFileReference; lastKnownFileType = sourcecode.swift; path = CombineWebBrowserTests.swift; sourceTree = "<group>"; };
		00DA35D1255103140060B8BB /* Info.plist */ = {isa = PBXFileReference; lastKnownFileType = text.plist.xml; path = Info.plist; sourceTree = "<group>"; };
		00DA35D6255103140060B8BB /* CombineWebBrowserUITests.xctest */ = {isa = PBXFileReference; explicitFileType = wrapper.cfbundle; includeInIndex = 0; path = CombineWebBrowserUITests.xctest; sourceTree = BUILT_PRODUCTS_DIR; };
		00DA35DA255103140060B8BB /* CombineWebBrowserUITests.swift */ = {isa = PBXFileReference; lastKnownFileType = sourcecode.swift; path = CombineWebBrowserUITests.swift; sourceTree = "<group>"; };
		00DA35DC255103140060B8BB /* Info.plist */ = {isa = PBXFileReference; lastKnownFileType = text.plist.xml; path = Info.plist; sourceTree = "<group>"; };
/* End PBXFileReference section */

/* Begin PBXFrameworksBuildPhase section */
		00DA35B2255103110060B8BB /* Frameworks */ = {
			isa = PBXFrameworksBuildPhase;
			buildActionMask = 2147483647;
			files = (
			);
			runOnlyForDeploymentPostprocessing = 0;
		};
		00DA35C8255103140060B8BB /* Frameworks */ = {
			isa = PBXFrameworksBuildPhase;
			buildActionMask = 2147483647;
			files = (
			);
			runOnlyForDeploymentPostprocessing = 0;
		};
		00DA35D3255103140060B8BB /* Frameworks */ = {
			isa = PBXFrameworksBuildPhase;
			buildActionMask = 2147483647;
			files = (
			);
			runOnlyForDeploymentPostprocessing = 0;
		};
/* End PBXFrameworksBuildPhase section */

/* Begin PBXGroup section */
		00DA35AC255103110060B8BB = {
			isa = PBXGroup;
			children = (
				00DA35B7255103110060B8BB /* CombineWebBrowser */,
				00DA35CE255103140060B8BB /* CombineWebBrowserTests */,
				00DA35D9255103140060B8BB /* CombineWebBrowserUITests */,
				00DA35B6255103110060B8BB /* Products */,
			);
			sourceTree = "<group>";
		};
		00DA35B6255103110060B8BB /* Products */ = {
			isa = PBXGroup;
			children = (
				00DA35B5255103110060B8BB /* CombineWebBrowser.app */,
				00DA35CB255103140060B8BB /* CombineWebBrowserTests.xctest */,
				00DA35D6255103140060B8BB /* CombineWebBrowserUITests.xctest */,
			);
			name = Products;
			sourceTree = "<group>";
		};
		00DA35B7255103110060B8BB /* CombineWebBrowser */ = {
			isa = PBXGroup;
			children = (
				00DA35B8255103110060B8BB /* AppDelegate.swift */,
				00DA35BA255103110060B8BB /* SceneDelegate.swift */,
				00DA35BC255103110060B8BB /* ViewController.swift */,
				00DA35BE255103110060B8BB /* Main.storyboard */,
				00DA35C1255103140060B8BB /* Assets.xcassets */,
				00DA35C3255103140060B8BB /* LaunchScreen.storyboard */,
				00DA35C6255103140060B8BB /* Info.plist */,
			);
			path = CombineWebBrowser;
			sourceTree = "<group>";
		};
		00DA35CE255103140060B8BB /* CombineWebBrowserTests */ = {
			isa = PBXGroup;
			children = (
				00DA35CF255103140060B8BB /* CombineWebBrowserTests.swift */,
				00DA35D1255103140060B8BB /* Info.plist */,
			);
			path = CombineWebBrowserTests;
			sourceTree = "<group>";
		};
		00DA35D9255103140060B8BB /* CombineWebBrowserUITests */ = {
			isa = PBXGroup;
			children = (
				00DA35DA255103140060B8BB /* CombineWebBrowserUITests.swift */,
				00DA35DC255103140060B8BB /* Info.plist */,
			);
			path = CombineWebBrowserUITests;
			sourceTree = "<group>";
		};
/* End PBXGroup section */

/* Begin PBXNativeTarget section */
		00DA35B4255103110060B8BB /* CombineWebBrowser */ = {
			isa = PBXNativeTarget;
			buildConfigurationList = 00DA35DF255103140060B8BB /* Build configuration list for PBXNativeTarget "CombineWebBrowser" */;
			buildPhases = (
				00DA35B1255103110060B8BB /* Sources */,
				00DA35B2255103110060B8BB /* Frameworks */,
				00DA35B3255103110060B8BB /* Resources */,
			);
			buildRules = (
			);
			dependencies = (
			);
			name = CombineWebBrowser;
			productName = CombineWebBrowser;
			productReference = 00DA35B5255103110060B8BB /* CombineWebBrowser.app */;
			productType = "com.apple.product-type.application";
		};
		00DA35CA255103140060B8BB /* CombineWebBrowserTests */ = {
			isa = PBXNativeTarget;
			buildConfigurationList = 00DA35E2255103140060B8BB /* Build configuration list for PBXNativeTarget "CombineWebBrowserTests" */;
			buildPhases = (
				00DA35C7255103140060B8BB /* Sources */,
				00DA35C8255103140060B8BB /* Frameworks */,
				00DA35C9255103140060B8BB /* Resources */,
			);
			buildRules = (
			);
			dependencies = (
				00DA35CD255103140060B8BB /* PBXTargetDependency */,
			);
			name = CombineWebBrowserTests;
			productName = CombineWebBrowserTests;
			productReference = 00DA35CB255103140060B8BB /* CombineWebBrowserTests.xctest */;
			productType = "com.apple.product-type.bundle.unit-test";
		};
		00DA35D5255103140060B8BB /* CombineWebBrowserUITests */ = {
			isa = PBXNativeTarget;
			buildConfigurationList = 00DA35E5255103140060B8BB /* Build configuration list for PBXNativeTarget "CombineWebBrowserUITests" */;
			buildPhases = (
				00DA35D2255103140060B8BB /* Sources */,
				00DA35D3255103140060B8BB /* Frameworks */,
				00DA35D4255103140060B8BB /* Resources */,
			);
			buildRules = (
			);
			dependencies = (
				00DA35D8255103140060B8BB /* PBXTargetDependency */,
			);
			name = CombineWebBrowserUITests;
			productName = CombineWebBrowserUITests;
			productReference = 00DA35D6255103140060B8BB /* CombineWebBrowserUITests.xctest */;
			productType = "com.apple.product-type.bundle.ui-testing";
		};
/* End PBXNativeTarget section */

/* Begin PBXProject section */
		00DA35AD255103110060B8BB /* Project object */ = {
			isa = PBXProject;
			attributes = {
				LastSwiftUpdateCheck = 1210;
				LastUpgradeCheck = 1210;
				TargetAttributes = {
					00DA35B4255103110060B8BB = {
						CreatedOnToolsVersion = 12.1.1;
					};
					00DA35CA255103140060B8BB = {
						CreatedOnToolsVersion = 12.1.1;
						TestTargetID = 00DA35B4255103110060B8BB;
					};
					00DA35D5255103140060B8BB = {
						CreatedOnToolsVersion = 12.1.1;
						TestTargetID = 00DA35B4255103110060B8BB;
					};
				};
			};
			buildConfigurationList = 00DA35B0255103110060B8BB /* Build configuration list for PBXProject "CombineWebBrowser" */;
			compatibilityVersion = "Xcode 9.3";
			developmentRegion = en;
			hasScannedForEncodings = 0;
			knownRegions = (
				en,
				Base,
			);
			mainGroup = 00DA35AC255103110060B8BB;
			productRefGroup = 00DA35B6255103110060B8BB /* Products */;
			projectDirPath = "";
			projectRoot = "";
			targets = (
				00DA35B4255103110060B8BB /* CombineWebBrowser */,
				00DA35CA255103140060B8BB /* CombineWebBrowserTests */,
				00DA35D5255103140060B8BB /* CombineWebBrowserUITests */,
			);
		};
/* End PBXProject section */

/* Begin PBXResourcesBuildPhase section */
		00DA35B3255103110060B8BB /* Resources */ = {
			isa = PBXResourcesBuildPhase;
			buildActionMask = 2147483647;
			files = (
				00DA35C5255103140060B8BB /* LaunchScreen.storyboard in Resources */,
				00DA35C2255103140060B8BB /* Assets.xcassets in Resources */,
				00DA35C0255103110060B8BB /* Main.storyboard in Resources */,
			);
			runOnlyForDeploymentPostprocessing = 0;
		};
		00DA35C9255103140060B8BB /* Resources */ = {
			isa = PBXResourcesBuildPhase;
			buildActionMask = 2147483647;
			files = (
			);
			runOnlyForDeploymentPostprocessing = 0;
		};
		00DA35D4255103140060B8BB /* Resources */ = {
			isa = PBXResourcesBuildPhase;
			buildActionMask = 2147483647;
			files = (
			);
			runOnlyForDeploymentPostprocessing = 0;
		};
/* End PBXResourcesBuildPhase section */

/* Begin PBXSourcesBuildPhase section */
		00DA35B1255103110060B8BB /* Sources */ = {
			isa = PBXSourcesBuildPhase;
			buildActionMask = 2147483647;
			files = (
				00DA35BD255103110060B8BB /* ViewController.swift in Sources */,
				00DA35B9255103110060B8BB /* AppDelegate.swift in Sources */,
				00DA35BB255103110060B8BB /* SceneDelegate.swift in Sources */,
			);
			runOnlyForDeploymentPostprocessing = 0;
		};
		00DA35C7255103140060B8BB /* Sources */ = {
			isa = PBXSourcesBuildPhase;
			buildActionMask = 2147483647;
			files = (
				00DA35D0255103140060B8BB /* CombineWebBrowserTests.swift in Sources */,
			);
			runOnlyForDeploymentPostprocessing = 0;
		};
		00DA35D2255103140060B8BB /* Sources */ = {
			isa = PBXSourcesBuildPhase;
			buildActionMask = 2147483647;
			files = (
				00DA35DB255103140060B8BB /* CombineWebBrowserUITests.swift in Sources */,
			);
			runOnlyForDeploymentPostprocessing = 0;
		};
/* End PBXSourcesBuildPhase section */

/* Begin PBXTargetDependency section */
		00DA35CD255103140060B8BB /* PBXTargetDependency */ = {
			isa = PBXTargetDependency;
			target = 00DA35B4255103110060B8BB /* CombineWebBrowser */;
			targetProxy = 00DA35CC255103140060B8BB /* PBXContainerItemProxy */;
		};
		00DA35D8255103140060B8BB /* PBXTargetDependency */ = {
			isa = PBXTargetDependency;
			target = 00DA35B4255103110060B8BB /* CombineWebBrowser */;
			targetProxy = 00DA35D7255103140060B8BB /* PBXContainerItemProxy */;
		};
/* End PBXTargetDependency section */

/* Begin PBXVariantGroup section */
		00DA35BE255103110060B8BB /* Main.storyboard */ = {
			isa = PBXVariantGroup;
			children = (
				00DA35BF255103110060B8BB /* Base */,
			);
			name = Main.storyboard;
			sourceTree = "<group>";
		};
		00DA35C3255103140060B8BB /* LaunchScreen.storyboard */ = {
			isa = PBXVariantGroup;
			children = (
				00DA35C4255103140060B8BB /* Base */,
			);
			name = LaunchScreen.storyboard;
			sourceTree = "<group>";
		};
/* End PBXVariantGroup section */

/* Begin XCBuildConfiguration section */
		00DA35DD255103140060B8BB /* Debug */ = {
			isa = XCBuildConfiguration;
			buildSettings = {
				ALWAYS_SEARCH_USER_PATHS = NO;
				CLANG_ANALYZER_NONNULL = YES;
				CLANG_ANALYZER_NUMBER_OBJECT_CONVERSION = YES_AGGRESSIVE;
				CLANG_CXX_LANGUAGE_STANDARD = "gnu++14";
				CLANG_CXX_LIBRARY = "libc++";
				CLANG_ENABLE_MODULES = YES;
				CLANG_ENABLE_OBJC_ARC = YES;
				CLANG_ENABLE_OBJC_WEAK = YES;
				CLANG_WARN_BLOCK_CAPTURE_AUTORELEASING = YES;
				CLANG_WARN_BOOL_CONVERSION = YES;
				CLANG_WARN_COMMA = YES;
				CLANG_WARN_CONSTANT_CONVERSION = YES;
				CLANG_WARN_DEPRECATED_OBJC_IMPLEMENTATIONS = YES;
				CLANG_WARN_DIRECT_OBJC_ISA_USAGE = YES_ERROR;
				CLANG_WARN_DOCUMENTATION_COMMENTS = YES;
				CLANG_WARN_EMPTY_BODY = YES;
				CLANG_WARN_ENUM_CONVERSION = YES;
				CLANG_WARN_INFINITE_RECURSION = YES;
				CLANG_WARN_INT_CONVERSION = YES;
				CLANG_WARN_NON_LITERAL_NULL_CONVERSION = YES;
				CLANG_WARN_OBJC_IMPLICIT_RETAIN_SELF = YES;
				CLANG_WARN_OBJC_LITERAL_CONVERSION = YES;
				CLANG_WARN_OBJC_ROOT_CLASS = YES_ERROR;
				CLANG_WARN_QUOTED_INCLUDE_IN_FRAMEWORK_HEADER = YES;
				CLANG_WARN_RANGE_LOOP_ANALYSIS = YES;
				CLANG_WARN_STRICT_PROTOTYPES = YES;
				CLANG_WARN_SUSPICIOUS_MOVE = YES;
				CLANG_WARN_UNGUARDED_AVAILABILITY = YES_AGGRESSIVE;
				CLANG_WARN_UNREACHABLE_CODE = YES;
				CLANG_WARN__DUPLICATE_METHOD_MATCH = YES;
				COPY_PHASE_STRIP = NO;
				DEBUG_INFORMATION_FORMAT = dwarf;
				ENABLE_STRICT_OBJC_MSGSEND = YES;
				ENABLE_TESTABILITY = YES;
				GCC_C_LANGUAGE_STANDARD = gnu11;
				GCC_DYNAMIC_NO_PIC = NO;
				GCC_NO_COMMON_BLOCKS = YES;
				GCC_OPTIMIZATION_LEVEL = 0;
				GCC_PREPROCESSOR_DEFINITIONS = (
					"DEBUG=1",
					"$(inherited)",
				);
				GCC_WARN_64_TO_32_BIT_CONVERSION = YES;
				GCC_WARN_ABOUT_RETURN_TYPE = YES_ERROR;
				GCC_WARN_UNDECLARED_SELECTOR = YES;
				GCC_WARN_UNINITIALIZED_AUTOS = YES_AGGRESSIVE;
				GCC_WARN_UNUSED_FUNCTION = YES;
				GCC_WARN_UNUSED_VARIABLE = YES;
				IPHONEOS_DEPLOYMENT_TARGET = 14.2;
				MTL_ENABLE_DEBUG_INFO = INCLUDE_SOURCE;
				MTL_FAST_MATH = YES;
				ONLY_ACTIVE_ARCH = YES;
				SDKROOT = iphoneos;
				SWIFT_ACTIVE_COMPILATION_CONDITIONS = DEBUG;
				SWIFT_OPTIMIZATION_LEVEL = "-Onone";
			};
			name = Debug;
		};
		00DA35DE255103140060B8BB /* Release */ = {
			isa = XCBuildConfiguration;
			buildSettings = {
				ALWAYS_SEARCH_USER_PATHS = NO;
				CLANG_ANALYZER_NONNULL = YES;
				CLANG_ANALYZER_NUMBER_OBJECT_CONVERSION = YES_AGGRESSIVE;
				CLANG_CXX_LANGUAGE_STANDARD = "gnu++14";
				CLANG_CXX_LIBRARY = "libc++";
				CLANG_ENABLE_MODULES = YES;
				CLANG_ENABLE_OBJC_ARC = YES;
				CLANG_ENABLE_OBJC_WEAK = YES;
				CLANG_WARN_BLOCK_CAPTURE_AUTORELEASING = YES;
				CLANG_WARN_BOOL_CONVERSION = YES;
				CLANG_WARN_COMMA = YES;
				CLANG_WARN_CONSTANT_CONVERSION = YES;
				CLANG_WARN_DEPRECATED_OBJC_IMPLEMENTATIONS = YES;
				CLANG_WARN_DIRECT_OBJC_ISA_USAGE = YES_ERROR;
				CLANG_WARN_DOCUMENTATION_COMMENTS = YES;
				CLANG_WARN_EMPTY_BODY = YES;
				CLANG_WARN_ENUM_CONVERSION = YES;
				CLANG_WARN_INFINITE_RECURSION = YES;
				CLANG_WARN_INT_CONVERSION = YES;
				CLANG_WARN_NON_LITERAL_NULL_CONVERSION = YES;
				CLANG_WARN_OBJC_IMPLICIT_RETAIN_SELF = YES;
				CLANG_WARN_OBJC_LITERAL_CONVERSION = YES;
				CLANG_WARN_OBJC_ROOT_CLASS = YES_ERROR;
				CLANG_WARN_QUOTED_INCLUDE_IN_FRAMEWORK_HEADER = YES;
				CLANG_WARN_RANGE_LOOP_ANALYSIS = YES;
				CLANG_WARN_STRICT_PROTOTYPES = YES;
				CLANG_WARN_SUSPICIOUS_MOVE = YES;
				CLANG_WARN_UNGUARDED_AVAILABILITY = YES_AGGRESSIVE;
				CLANG_WARN_UNREACHABLE_CODE = YES;
				CLANG_WARN__DUPLICATE_METHOD_MATCH = YES;
				COPY_PHASE_STRIP = NO;
				DEBUG_INFORMATION_FORMAT = "dwarf-with-dsym";
				ENABLE_NS_ASSERTIONS = NO;
				ENABLE_STRICT_OBJC_MSGSEND = YES;
				GCC_C_LANGUAGE_STANDARD = gnu11;
				GCC_NO_COMMON_BLOCKS = YES;
				GCC_WARN_64_TO_32_BIT_CONVERSION = YES;
				GCC_WARN_ABOUT_RETURN_TYPE = YES_ERROR;
				GCC_WARN_UNDECLARED_SELECTOR = YES;
				GCC_WARN_UNINITIALIZED_AUTOS = YES_AGGRESSIVE;
				GCC_WARN_UNUSED_FUNCTION = YES;
				GCC_WARN_UNUSED_VARIABLE = YES;
				IPHONEOS_DEPLOYMENT_TARGET = 14.2;
				MTL_ENABLE_DEBUG_INFO = NO;
				MTL_FAST_MATH = YES;
				SDKROOT = iphoneos;
				SWIFT_COMPILATION_MODE = wholemodule;
				SWIFT_OPTIMIZATION_LEVEL = "-O";
				VALIDATE_PRODUCT = YES;
			};
			name = Release;
		};
		00DA35E0255103140060B8BB /* Debug */ = {
			isa = XCBuildConfiguration;
			buildSettings = {
				ASSETCATALOG_COMPILER_APPICON_NAME = AppIcon;
				ASSETCATALOG_COMPILER_GLOBAL_ACCENT_COLOR_NAME = AccentColor;
				CODE_SIGN_STYLE = Automatic;
				DEVELOPMENT_TEAM = 869E762K34;
				INFOPLIST_FILE = CombineWebBrowser/Info.plist;
				LD_RUNPATH_SEARCH_PATHS = (
					"$(inherited)",
					"@executable_path/Frameworks",
				);
				PRODUCT_BUNDLE_IDENTIFIER = com.steveriggins.CombineWebBrowser;
				PRODUCT_NAME = "$(TARGET_NAME)";
				SWIFT_VERSION = 5.0;
				TARGETED_DEVICE_FAMILY = "1,2";
			};
			name = Debug;
		};
		00DA35E1255103140060B8BB /* Release */ = {
			isa = XCBuildConfiguration;
			buildSettings = {
				ASSETCATALOG_COMPILER_APPICON_NAME = AppIcon;
				ASSETCATALOG_COMPILER_GLOBAL_ACCENT_COLOR_NAME = AccentColor;
				CODE_SIGN_STYLE = Automatic;
				DEVELOPMENT_TEAM = 869E762K34;
				INFOPLIST_FILE = CombineWebBrowser/Info.plist;
				LD_RUNPATH_SEARCH_PATHS = (
					"$(inherited)",
					"@executable_path/Frameworks",
				);
				PRODUCT_BUNDLE_IDENTIFIER = com.steveriggins.CombineWebBrowser;
				PRODUCT_NAME = "$(TARGET_NAME)";
				SWIFT_VERSION = 5.0;
				TARGETED_DEVICE_FAMILY = "1,2";
			};
			name = Release;
		};
		00DA35E3255103140060B8BB /* Debug */ = {
			isa = XCBuildConfiguration;
			buildSettings = {
				ALWAYS_EMBED_SWIFT_STANDARD_LIBRARIES = YES;
				BUNDLE_LOADER = "$(TEST_HOST)";
				CODE_SIGN_STYLE = Automatic;
				DEVELOPMENT_TEAM = 869E762K34;
				INFOPLIST_FILE = CombineWebBrowserTests/Info.plist;
				IPHONEOS_DEPLOYMENT_TARGET = 14.2;
				LD_RUNPATH_SEARCH_PATHS = (
					"$(inherited)",
					"@executable_path/Frameworks",
					"@loader_path/Frameworks",
				);
				PRODUCT_BUNDLE_IDENTIFIER = com.steveriggins.CombineWebBrowserTests;
				PRODUCT_NAME = "$(TARGET_NAME)";
				SWIFT_VERSION = 5.0;
				TARGETED_DEVICE_FAMILY = "1,2";
				TEST_HOST = "$(BUILT_PRODUCTS_DIR)/CombineWebBrowser.app/CombineWebBrowser";
			};
			name = Debug;
		};
		00DA35E4255103140060B8BB /* Release */ = {
			isa = XCBuildConfiguration;
			buildSettings = {
				ALWAYS_EMBED_SWIFT_STANDARD_LIBRARIES = YES;
				BUNDLE_LOADER = "$(TEST_HOST)";
				CODE_SIGN_STYLE = Automatic;
				DEVELOPMENT_TEAM = 869E762K34;
				INFOPLIST_FILE = CombineWebBrowserTests/Info.plist;
				IPHONEOS_DEPLOYMENT_TARGET = 14.2;
				LD_RUNPATH_SEARCH_PATHS = (
					"$(inherited)",
					"@executable_path/Frameworks",
					"@loader_path/Frameworks",
				);
				PRODUCT_BUNDLE_IDENTIFIER = com.steveriggins.CombineWebBrowserTests;
				PRODUCT_NAME = "$(TARGET_NAME)";
				SWIFT_VERSION = 5.0;
				TARGETED_DEVICE_FAMILY = "1,2";
				TEST_HOST = "$(BUILT_PRODUCTS_DIR)/CombineWebBrowser.app/CombineWebBrowser";
			};
			name = Release;
		};
		00DA35E6255103140060B8BB /* Debug */ = {
			isa = XCBuildConfiguration;
			buildSettings = {
				ALWAYS_EMBED_SWIFT_STANDARD_LIBRARIES = YES;
				CODE_SIGN_STYLE = Automatic;
				DEVELOPMENT_TEAM = 869E762K34;
				INFOPLIST_FILE = CombineWebBrowserUITests/Info.plist;
				LD_RUNPATH_SEARCH_PATHS = (
					"$(inherited)",
					"@executable_path/Frameworks",
					"@loader_path/Frameworks",
				);
				PRODUCT_BUNDLE_IDENTIFIER = com.steveriggins.CombineWebBrowserUITests;
				PRODUCT_NAME = "$(TARGET_NAME)";
				SWIFT_VERSION = 5.0;
				TARGETED_DEVICE_FAMILY = "1,2";
				TEST_TARGET_NAME = CombineWebBrowser;
			};
			name = Debug;
		};
		00DA35E7255103140060B8BB /* Release */ = {
			isa = XCBuildConfiguration;
			buildSettings = {
				ALWAYS_EMBED_SWIFT_STANDARD_LIBRARIES = YES;
				CODE_SIGN_STYLE = Automatic;
				DEVELOPMENT_TEAM = 869E762K34;
				INFOPLIST_FILE = CombineWebBrowserUITests/Info.plist;
				LD_RUNPATH_SEARCH_PATHS = (
					"$(inherited)",
					"@executable_path/Frameworks",
					"@loader_path/Frameworks",
				);
				PRODUCT_BUNDLE_IDENTIFIER = com.steveriggins.CombineWebBrowserUITests;
				PRODUCT_NAME = "$(TARGET_NAME)";
				SWIFT_VERSION = 5.0;
				TARGETED_DEVICE_FAMILY = "1,2";
				TEST_TARGET_NAME = CombineWebBrowser;
			};
			name = Release;
		};
/* End XCBuildConfiguration section */

/* Begin XCConfigurationList section */
		00DA35B0255103110060B8BB /* Build configuration list for PBXProject "CombineWebBrowser" */ = {
			isa = XCConfigurationList;
			buildConfigurations = (
				00DA35DD255103140060B8BB /* Debug */,
				00DA35DE255103140060B8BB /* Release */,
			);
			defaultConfigurationIsVisible = 0;
			defaultConfigurationName = Release;
		};
		00DA35DF255103140060B8BB /* Build configuration list for PBXNativeTarget "CombineWebBrowser" */ = {
			isa = XCConfigurationList;
			buildConfigurations = (
				00DA35E0255103140060B8BB /* Debug */,
				00DA35E1255103140060B8BB /* Release */,
			);
			defaultConfigurationIsVisible = 0;
			defaultConfigurationName = Release;
		};
		00DA35E2255103140060B8BB /* Build configuration list for PBXNativeTarget "CombineWebBrowserTests" */ = {
			isa = XCConfigurationList;
			buildConfigurations = (
				00DA35E3255103140060B8BB /* Debug */,
				00DA35E4255103140060B8BB /* Release */,
			);
			defaultConfigurationIsVisible = 0;
			defaultConfigurationName = Release;
		};
		00DA35E5255103140060B8BB /* Build configuration list for PBXNativeTarget "CombineWebBrowserUITests" */ = {
			isa = XCConfigurationList;
			buildConfigurations = (
				00DA35E6255103140060B8BB /* Debug */,
				00DA35E7255103140060B8BB /* Release */,
			);
			defaultConfigurationIsVisible = 0;
			defaultConfigurationName = Release;
		};
/* End XCConfigurationList section */
	};
	rootObject = 00DA35AD255103110060B8BB /* Project object */;
}
